
Microsoft Visual Studio Solution File, Format Version 12.00
# Visual Studio Version 17
VisualStudioVersion = 17.5.002.0
MinimumVisualStudioVersion = 10.0.40219.1
Project("{2150E333-8FDC-42A3-9474-1A3956D46DE8}") = "csharp-prep", "csharp-prep", "{3726CB5A-0CE3-4746-B9D3-EB0E129EDD64}"
EndProject
Project("{9A19103F-16F7-4668-BE54-9A1E7A4F7556}") = "Prep1", "csharp-prep\Prep1\Prep1.csproj", "{7B9BA64F-0F65-4CCE-9B94-5958BC20406C}"
EndProject
Project("{9A19103F-16F7-4668-BE54-9A1E7A4F7556}") = "Prep2", "csharp-prep\Prep2\Prep2.csproj", "{A0B7F514-7CC1-4970-952B-92A584F7AAC2}"
EndProject
Project("{9A19103F-16F7-4668-BE54-9A1E7A4F7556}") = "Prep3", "csharp-prep\Prep3\Prep3.csproj", "{8D700F0B-9039-4A85-8155-08F23BFE1FE8}"
EndProject
Project("{9A19103F-16F7-4668-BE54-9A1E7A4F7556}") = "Prep4", "csharp-prep\Prep4\Prep4.csproj", "{039BC8F6-36B2-4BA2-8283-356FC7C10FF4}"
EndProject
Project("{9A19103F-16F7-4668-BE54-9A1E7A4F7556}") = "Prep5", "csharp-prep\Prep5\Prep5.csproj", "{04ED1C54-FEF9-47DE-B806-374A7488457F}"
EndProject
Project("{2150E333-8FDC-42A3-9474-1A3956D46DE8}") = "final", "final", "{74297D46-8AB1-4C2B-AFD8-E7058162E257}"
EndProject
Project("{9A19103F-16F7-4668-BE54-9A1E7A4F7556}") = "FinalProject", "final\FinalProject\FinalProject.csproj", "{A578E9AD-DB1F-4199-8418-EBFD6402DF50}"
EndProject
Project("{9A19103F-16F7-4668-BE54-9A1E7A4F7556}") = "Foundation1", "final\Foundation1\Foundation1.csproj", "{A7C97CC9-66DA-4FD9-AFF6-7093219F7144}"
EndProject
Project("{9A19103F-16F7-4668-BE54-9A1E7A4F7556}") = "Foundation2", "final\Foundation2\Foundation2.csproj", "{EA063F41-D06F-4652-8D44-0B19E8FAC9CD}"
EndProject
Project("{9A19103F-16F7-4668-BE54-9A1E7A4F7556}") = "Foundation3", "final\Foundation3\Foundation3.csproj", "{247356BA-7212-4583-A7A2-27A379E56473}"
EndProject
Project("{9A19103F-16F7-4668-BE54-9A1E7A4F7556}") = "Foundation4", "final\Foundation4\Foundation4.csproj", "{EE9AF4BC-2F0F-400B-87C2-F3015D5473D3}"
EndProject
Project("{2150E333-8FDC-42A3-9474-1A3956D46DE8}") = "prepare", "prepare", "{E12A3C68-5B80-46A4-806D-A0B203F3076F}"
EndProject
Project("{9A19103F-16F7-4668-BE54-9A1E7A4F7556}") = "Learning02", "prepare\Learning02\Learning02.csproj", "{3B82FEE0-4272-435C-83AD-0B027BB37153}"
EndProject
Project("{9A19103F-16F7-4668-BE54-9A1E7A4F7556}") = "Learning03", "prepare\Learning03\Learning03.csproj", "{2C623E11-D600-456F-8FB0-606302784F40}"
EndProject
Project("{9A19103F-16F7-4668-BE54-9A1E7A4F7556}") = "Learning04", "prepare\Learning04\Learning04.csproj", "{4B1806C6-9D71-4A1E-A06D-AC1D1A824E0D}"
EndProject
Project("{9A19103F-16F7-4668-BE54-9A1E7A4F7556}") = "Learning05", "prepare\Learning05\Learning05.csproj", "{EBB5FE14-580E-4340-8307-EB4DA4E07B33}"
EndProject
Project("{2150E333-8FDC-42A3-9474-1A3956D46DE8}") = "prove", "prove", "{4A9D12B3-3F17-4B99-B250-039D0383FD7B}"
EndProject
Project("{9A19103F-16F7-4668-BE54-9A1E7A4F7556}") = "Develop02", "prove\Develop02\Develop02.csproj", "{98ABB47C-80B0-476E-8628-72554889B2A7}"
EndProject
Project("{9A19103F-16F7-4668-BE54-9A1E7A4F7556}") = "Develop03", "prove\Develop03\Develop03.csproj", "{AA8902A8-AD3C-477C-8F02-D96C9984D786}"
EndProject
Project("{9A19103F-16F7-4668-BE54-9A1E7A4F7556}") = "Develop04", "prove\Develop04\Develop04.csproj", "{3D8CA736-855A-41E7-9223-9C25F422F7CA}"
EndProject
Project("{9A19103F-16F7-4668-BE54-9A1E7A4F7556}") = "Develop05", "prove\Develop05\Develop05.csproj", "{93EE4C57-6FCB-4092-A767-5AAA57B0ED3F}"
EndProject
Project("{2150E333-8FDC-42A3-9474-1A3956D46DE8}") = "sandbox", "sandbox", "{A08A00C9-DB97-4F52-8B7C-C06C5DF502BF}"
EndProject
Project("{9A19103F-16F7-4668-BE54-9A1E7A4F7556}") = "Sandbox", "sandbox\Sandbox\Sandbox.csproj", "{EADD6243-0786-4366-847B-AABFBB155B02}"
EndProject
Global
	GlobalSection(SolutionConfigurationPlatforms) = preSolution
		Debug|Any CPU = Debug|Any CPU
		Release|Any CPU = Release|Any CPU
	EndGlobalSection
	GlobalSection(ProjectConfigurationPlatforms) = postSolution
		{7B9BA64F-0F65-4CCE-9B94-5958BC20406C}.Debug|Any CPU.ActiveCfg = Debug|Any CPU
		{7B9BA64F-0F65-4CCE-9B94-5958BC20406C}.Debug|Any CPU.Build.0 = Debug|Any CPU
		{7B9BA64F-0F65-4CCE-9B94-5958BC20406C}.Release|Any CPU.ActiveCfg = Release|Any CPU
		{7B9BA64F-0F65-4CCE-9B94-5958BC20406C}.Release|Any CPU.Build.0 = Release|Any CPU
		{A0B7F514-7CC1-4970-952B-92A584F7AAC2}.Debug|Any CPU.ActiveCfg = Debug|Any CPU
		{A0B7F514-7CC1-4970-952B-92A584F7AAC2}.Debug|Any CPU.Build.0 = Debug|Any CPU
		{A0B7F514-7CC1-4970-952B-92A584F7AAC2}.Release|Any CPU.ActiveCfg = Release|Any CPU
		{A0B7F514-7CC1-4970-952B-92A584F7AAC2}.Release|Any CPU.Build.0 = Release|Any CPU
		{8D700F0B-9039-4A85-8155-08F23BFE1FE8}.Debug|Any CPU.ActiveCfg = Debug|Any CPU
		{8D700F0B-9039-4A85-8155-08F23BFE1FE8}.Debug|Any CPU.Build.0 = Debug|Any CPU
		{8D700F0B-9039-4A85-8155-08F23BFE1FE8}.Release|Any CPU.ActiveCfg = Release|Any CPU
		{8D700F0B-9039-4A85-8155-08F23BFE1FE8}.Release|Any CPU.Build.0 = Release|Any CPU
		{039BC8F6-36B2-4BA2-8283-356FC7C10FF4}.Debug|Any CPU.ActiveCfg = Debug|Any CPU
		{039BC8F6-36B2-4BA2-8283-356FC7C10FF4}.Debug|Any CPU.Build.0 = Debug|Any CPU
		{039BC8F6-36B2-4BA2-8283-356FC7C10FF4}.Release|Any CPU.ActiveCfg = Release|Any CPU
		{039BC8F6-36B2-4BA2-8283-356FC7C10FF4}.Release|Any CPU.Build.0 = Release|Any CPU
		{04ED1C54-FEF9-47DE-B806-374A7488457F}.Debug|Any CPU.ActiveCfg = Debug|Any CPU
		{04ED1C54-FEF9-47DE-B806-374A7488457F}.Debug|Any CPU.Build.0 = Debug|Any CPU
		{04ED1C54-FEF9-47DE-B806-374A7488457F}.Release|Any CPU.ActiveCfg = Release|Any CPU
		{04ED1C54-FEF9-47DE-B806-374A7488457F}.Release|Any CPU.Build.0 = Release|Any CPU
		{A578E9AD-DB1F-4199-8418-EBFD6402DF50}.Debug|Any CPU.ActiveCfg = Debug|Any CPU
		{A578E9AD-DB1F-4199-8418-EBFD6402DF50}.Debug|Any CPU.Build.0 = Debug|Any CPU
		{A578E9AD-DB1F-4199-8418-EBFD6402DF50}.Release|Any CPU.ActiveCfg = Release|Any CPU
		{A578E9AD-DB1F-4199-8418-EBFD6402DF50}.Release|Any CPU.Build.0 = Release|Any CPU
		{A7C97CC9-66DA-4FD9-AFF6-7093219F7144}.Debug|Any CPU.ActiveCfg = Debug|Any CPU
		{A7C97CC9-66DA-4FD9-AFF6-7093219F7144}.Debug|Any CPU.Build.0 = Debug|Any CPU
		{A7C97CC9-66DA-4FD9-AFF6-7093219F7144}.Release|Any CPU.ActiveCfg = Release|Any CPU
		{A7C97CC9-66DA-4FD9-AFF6-7093219F7144}.Release|Any CPU.Build.0 = Release|Any CPU
		{EA063F41-D06F-4652-8D44-0B19E8FAC9CD}.Debug|Any CPU.ActiveCfg = Debug|Any CPU
		{EA063F41-D06F-4652-8D44-0B19E8FAC9CD}.Debug|Any CPU.Build.0 = Debug|Any CPU
		{EA063F41-D06F-4652-8D44-0B19E8FAC9CD}.Release|Any CPU.ActiveCfg = Release|Any CPU
		{EA063F41-D06F-4652-8D44-0B19E8FAC9CD}.Release|Any CPU.Build.0 = Release|Any CPU
		{247356BA-7212-4583-A7A2-27A379E56473}.Debug|Any CPU.ActiveCfg = Debug|Any CPU
		{247356BA-7212-4583-A7A2-27A379E56473}.Debug|Any CPU.Build.0 = Debug|Any CPU
		{247356BA-7212-4583-A7A2-27A379E56473}.Release|Any CPU.ActiveCfg = Release|Any CPU
		{247356BA-7212-4583-A7A2-27A379E56473}.Release|Any CPU.Build.0 = Release|Any CPU
		{EE9AF4BC-2F0F-400B-87C2-F3015D5473D3}.Debug|Any CPU.ActiveCfg = Debug|Any CPU
		{EE9AF4BC-2F0F-400B-87C2-F3015D5473D3}.Debug|Any CPU.Build.0 = Debug|Any CPU
		{EE9AF4BC-2F0F-400B-87C2-F3015D5473D3}.Release|Any CPU.ActiveCfg = Release|Any CPU
		{EE9AF4BC-2F0F-400B-87C2-F3015D5473D3}.Release|Any CPU.Build.0 = Release|Any CPU
		{3B82FEE0-4272-435C-83AD-0B027BB37153}.Debug|Any CPU.ActiveCfg = Debug|Any CPU
		{3B82FEE0-4272-435C-83AD-0B027BB37153}.Debug|Any CPU.Build.0 = Debug|Any CPU
		{3B82FEE0-4272-435C-83AD-0B027BB37153}.Release|Any CPU.ActiveCfg = Release|Any CPU
		{3B82FEE0-4272-435C-83AD-0B027BB37153}.Release|Any CPU.Build.0 = Release|Any CPU
		{2C623E11-D600-456F-8FB0-606302784F40}.Debug|Any CPU.ActiveCfg = Debug|Any CPU
		{2C623E11-D600-456F-8FB0-606302784F40}.Debug|Any CPU.Build.0 = Debug|Any CPU
		{2C623E11-D600-456F-8FB0-606302784F40}.Release|Any CPU.ActiveCfg = Release|Any CPU
		{2C623E11-D600-456F-8FB0-606302784F40}.Release|Any CPU.Build.0 = Release|Any CPU
		{4B1806C6-9D71-4A1E-A06D-AC1D1A824E0D}.Debug|Any CPU.ActiveCfg = Debug|Any CPU
		{4B1806C6-9D71-4A1E-A06D-AC1D1A824E0D}.Debug|Any CPU.Build.0 = Debug|Any CPU
		{4B1806C6-9D71-4A1E-A06D-AC1D1A824E0D}.Release|Any CPU.ActiveCfg = Release|Any CPU
		{4B1806C6-9D71-4A1E-A06D-AC1D1A824E0D}.Release|Any CPU.Build.0 = Release|Any CPU
		{EBB5FE14-580E-4340-8307-EB4DA4E07B33}.Debug|Any CPU.ActiveCfg = Debug|Any CPU
		{EBB5FE14-580E-4340-8307-EB4DA4E07B33}.Debug|Any CPU.Build.0 = Debug|Any CPU
		{EBB5FE14-580E-4340-8307-EB4DA4E07B33}.Release|Any CPU.ActiveCfg = Release|Any CPU
		{EBB5FE14-580E-4340-8307-EB4DA4E07B33}.Release|Any CPU.Build.0 = Release|Any CPU
		{98ABB47C-80B0-476E-8628-72554889B2A7}.Debug|Any CPU.ActiveCfg = Debug|Any CPU
		{98ABB47C-80B0-476E-8628-72554889B2A7}.Debug|Any CPU.Build.0 = Debug|Any CPU
		{98ABB47C-80B0-476E-8628-72554889B2A7}.Release|Any CPU.ActiveCfg = Release|Any CPU
		{98ABB47C-80B0-476E-8628-72554889B2A7}.Release|Any CPU.Build.0 = Release|Any CPU
		{AA8902A8-AD3C-477C-8F02-D96C9984D786}.Debug|Any CPU.ActiveCfg = Debug|Any CPU
		{AA8902A8-AD3C-477C-8F02-D96C9984D786}.Debug|Any CPU.Build.0 = Debug|Any CPU
		{AA8902A8-AD3C-477C-8F02-D96C9984D786}.Release|Any CPU.ActiveCfg = Release|Any CPU
		{AA8902A8-AD3C-477C-8F02-D96C9984D786}.Release|Any CPU.Build.0 = Release|Any CPU
		{3D8CA736-855A-41E7-9223-9C25F422F7CA}.Debug|Any CPU.ActiveCfg = Debug|Any CPU
		{3D8CA736-855A-41E7-9223-9C25F422F7CA}.Debug|Any CPU.Build.0 = Debug|Any CPU
		{3D8CA736-855A-41E7-9223-9C25F422F7CA}.Release|Any CPU.ActiveCfg = Release|Any CPU
		{3D8CA736-855A-41E7-9223-9C25F422F7CA}.Release|Any CPU.Build.0 = Release|Any CPU
		{93EE4C57-6FCB-4092-A767-5AAA57B0ED3F}.Debug|Any CPU.ActiveCfg = Debug|Any CPU
		{93EE4C57-6FCB-4092-A767-5AAA57B0ED3F}.Debug|Any CPU.Build.0 = Debug|Any CPU
		{93EE4C57-6FCB-4092-A767-5AAA57B0ED3F}.Release|Any CPU.ActiveCfg = Release|Any CPU
		{93EE4C57-6FCB-4092-A767-5AAA57B0ED3F}.Release|Any CPU.Build.0 = Release|Any CPU
		{EADD6243-0786-4366-847B-AABFBB155B02}.Debug|Any CPU.ActiveCfg = Debug|Any CPU
		{EADD6243-0786-4366-847B-AABFBB155B02}.Debug|Any CPU.Build.0 = Debug|Any CPU
		{EADD6243-0786-4366-847B-AABFBB155B02}.Release|Any CPU.ActiveCfg = Release|Any CPU
		{EADD6243-0786-4366-847B-AABFBB155B02}.Release|Any CPU.Build.0 = Release|Any CPU
	EndGlobalSection
	GlobalSection(SolutionProperties) = preSolution
		HideSolutionNode = FALSE
	EndGlobalSection
	GlobalSection(NestedProjects) = preSolution
		{7B9BA64F-0F65-4CCE-9B94-5958BC20406C} = {3726CB5A-0CE3-4746-B9D3-EB0E129EDD64}
		{A0B7F514-7CC1-4970-952B-92A584F7AAC2} = {3726CB5A-0CE3-4746-B9D3-EB0E129EDD64}
		{8D700F0B-9039-4A85-8155-08F23BFE1FE8} = {3726CB5A-0CE3-4746-B9D3-EB0E129EDD64}
		{039BC8F6-36B2-4BA2-8283-356FC7C10FF4} = {3726CB5A-0CE3-4746-B9D3-EB0E129EDD64}
		{04ED1C54-FEF9-47DE-B806-374A7488457F} = {3726CB5A-0CE3-4746-B9D3-EB0E129EDD64}
		{A578E9AD-DB1F-4199-8418-EBFD6402DF50} = {74297D46-8AB1-4C2B-AFD8-E7058162E257}
		{A7C97CC9-66DA-4FD9-AFF6-7093219F7144} = {74297D46-8AB1-4C2B-AFD8-E7058162E257}
		{EA063F41-D06F-4652-8D44-0B19E8FAC9CD} = {74297D46-8AB1-4C2B-AFD8-E7058162E257}
		{247356BA-7212-4583-A7A2-27A379E56473} = {74297D46-8AB1-4C2B-AFD8-E7058162E257}
		{EE9AF4BC-2F0F-400B-87C2-F3015D5473D3} = {74297D46-8AB1-4C2B-AFD8-E7058162E257}
		{3B82FEE0-4272-435C-83AD-0B027BB37153} = {E12A3C68-5B80-46A4-806D-A0B203F3076F}
		{2C623E11-D600-456F-8FB0-606302784F40} = {E12A3C68-5B80-46A4-806D-A0B203F3076F}
		{4B1806C6-9D71-4A1E-A06D-AC1D1A824E0D} = {E12A3C68-5B80-46A4-806D-A0B203F3076F}
		{EBB5FE14-580E-4340-8307-EB4DA4E07B33} = {E12A3C68-5B80-46A4-806D-A0B203F3076F}
		{98ABB47C-80B0-476E-8628-72554889B2A7} = {4A9D12B3-3F17-4B99-B250-039D0383FD7B}
		{AA8902A8-AD3C-477C-8F02-D96C9984D786} = {4A9D12B3-3F17-4B99-B250-039D0383FD7B}
		{3D8CA736-855A-41E7-9223-9C25F422F7CA} = {4A9D12B3-3F17-4B99-B250-039D0383FD7B}
		{93EE4C57-6FCB-4092-A767-5AAA57B0ED3F} = {4A9D12B3-3F17-4B99-B250-039D0383FD7B}
		{EADD6243-0786-4366-847B-AABFBB155B02} = {A08A00C9-DB97-4F52-8B7C-C06C5DF502BF}
	EndGlobalSection
	GlobalSection(ExtensibilityGlobals) = postSolution
		SolutionGuid = {8308CE1C-F5AF-41BB-9526-DA473E8320CE}
	EndGlobalSection
EndGlobal
